
Microsoft Visual Studio Solution File, Format Version 12.00
# Visual Studio Version 16
VisualStudioVersion = 16.0.30128.74
MinimumVisualStudioVersion = 10.0.40219.1
Project("{9A19103F-16F7-4668-BE54-9A1E7A4F7556}") = "DiscSender", "DiscSender\DiscSender.CSPROJ", "{869F1F7B-5660-43A7-A345-72144B4ABE1B}"
EndProject
Project("{2150E333-8FDC-42A3-9474-1A3956D46DE8}") = "Solution Items", "Solution Items", "{87DEA8C7-F45A-4039-9CFE-D68AB64A9A5F}"
	ProjectSection(SolutionItems) = preProject
		DiscSender\DiscSender.CSPROJ = DiscSender\DiscSender.CSPROJ
		DiscSender\Globals.CS = DiscSender\Globals.CS
		DiscSender\Helpers.CS = DiscSender\Helpers.CS
		DiscSender\Message.CS = DiscSender\Message.CS
		DiscSender\RunBot.CS = DiscSender\RunBot.CS
	EndProjectSection
EndProject
Global
	GlobalSection(SolutionConfigurationPlatforms) = preSolution
		Debug|Any CPU = Debug|Any CPU
		Release|Any CPU = Release|Any CPU
	EndGlobalSection
	GlobalSection(ProjectConfigurationPlatforms) = postSolution
		{869F1F7B-5660-43A7-A345-72144B4ABE1B}.Debug|Any CPU.ActiveCfg = Debug|Any CPU
		{869F1F7B-5660-43A7-A345-72144B4ABE1B}.Debug|Any CPU.Build.0 = Debug|Any CPU
		{869F1F7B-5660-43A7-A345-72144B4ABE1B}.Release|Any CPU.ActiveCfg = Release|Any CPU
		{869F1F7B-5660-43A7-A345-72144B4ABE1B}.Release|Any CPU.Build.0 = Release|Any CPU
	EndGlobalSection
	GlobalSection(SolutionProperties) = preSolution
		HideSolutionNode = FALSE
	EndGlobalSection
	GlobalSection(ExtensibilityGlobals) = postSolution
		SolutionGuid = {525632B9-A60E-4CD9-B9E6-EB8FE8EA98E7}
	EndGlobalSection
EndGlobal
